
Microsoft Visual Studio Solution File, Format Version 10.00
# Visual Studio 2008
Project("{8BC9CEB8-8B4A-11D0-8D11-00A0C91BC942}") = "maxilla", "maxilla\maxilla.vcproj", "{80FCD77B-C9E6-43AE-BEBA-4B465EA1ED0F}"
EndProject
Global
	GlobalSection(SolutionConfigurationPlatforms) = preSolution
		Debug|Win32 = Debug|Win32
		Release|Win32 = Release|Win32
	EndGlobalSection
	GlobalSection(ProjectConfigurationPlatforms) = postSolution
		{80FCD77B-C9E6-43AE-BEBA-4B465EA1ED0F}.Debug|Win32.ActiveCfg = Debug|Win32
		{80FCD77B-C9E6-43AE-BEBA-4B465EA1ED0F}.Debug|Win32.Build.0 = Debug|Win32
		{80FCD77B-C9E6-43AE-BEBA-4B465EA1ED0F}.Release|Win32.ActiveCfg = Release|Win32
		{80FCD77B-C9E6-43AE-BEBA-4B465EA1ED0F}.Release|Win32.Build.0 = Release|Win32
	EndGlobalSection
	GlobalSection(SolutionProperties) = preSolution
		HideSolutionNode = FALSE
	EndGlobalSection
EndGlobal
